
Microsoft Visual Studio Solution File, Format Version 12.00
# Visual Studio 15
VisualStudioVersion = 15.0.28010.2003
MinimumVisualStudioVersion = 10.0.40219.1
Project("{FAE04EC0-301F-11D3-BF4B-00C04F79EFBC}") = "PackagesConfig", "PackagesConfig\PackagesConfig.csproj", "{797AA40F-C44A-4284-8FF6-CD4B6927F828}"
EndProject
Global
	GlobalSection(SolutionConfigurationPlatforms) = preSolution
		Debug|Any CPU = Debug|Any CPU
		Release|Any CPU = Release|Any CPU
	EndGlobalSection
	GlobalSection(ProjectConfigurationPlatforms) = postSolution
		{797AA40F-C44A-4284-8FF6-CD4B6927F828}.Debug|Any CPU.ActiveCfg = Debug|Any CPU
		{797AA40F-C44A-4284-8FF6-CD4B6927F828}.Debug|Any CPU.Build.0 = Debug|Any CPU
		{797AA40F-C44A-4284-8FF6-CD4B6927F828}.Release|Any CPU.ActiveCfg = Release|Any CPU
		{797AA40F-C44A-4284-8FF6-CD4B6927F828}.Release|Any CPU.Build.0 = Release|Any CPU
	EndGlobalSection
	GlobalSection(SolutionProperties) = preSolution
		HideSolutionNode = FALSE
	EndGlobalSection
	GlobalSection(ExtensibilityGlobals) = postSolution
		SolutionGuid = {51F3B160-F725-4D2C-88A5-DCAE47C60ABC}
	EndGlobalSection
EndGlobal
